
Microsoft Visual Studio Solution File, Format Version 12.00
# Visual Studio Version 16
VisualStudioVersion = 16.0.31911.196
MinimumVisualStudioVersion = 10.0.40219.1
Project("{FAE04EC0-301F-11D3-BF4B-00C04F79EFBC}") = "WF_SImulatePix", "WF_SImulatePix.csproj", "{2A940AC6-4A51-4CEE-BF0C-B510D8DA70F1}"
EndProject
Global
	GlobalSection(SolutionConfigurationPlatforms) = preSolution
		Debug|Any CPU = Debug|Any CPU
		Release|Any CPU = Release|Any CPU
	EndGlobalSection
	GlobalSection(ProjectConfigurationPlatforms) = postSolution
		{2A940AC6-4A51-4CEE-BF0C-B510D8DA70F1}.Debug|Any CPU.ActiveCfg = Debug|Any CPU
		{2A940AC6-4A51-4CEE-BF0C-B510D8DA70F1}.Debug|Any CPU.Build.0 = Debug|Any CPU
		{2A940AC6-4A51-4CEE-BF0C-B510D8DA70F1}.Release|Any CPU.ActiveCfg = Release|Any CPU
		{2A940AC6-4A51-4CEE-BF0C-B510D8DA70F1}.Release|Any CPU.Build.0 = Release|Any CPU
	EndGlobalSection
	GlobalSection(SolutionProperties) = preSolution
		HideSolutionNode = FALSE
	EndGlobalSection
	GlobalSection(ExtensibilityGlobals) = postSolution
		SolutionGuid = {3CBA796F-4F07-411E-A130-65A2A1EDCF16}
	EndGlobalSection
EndGlobal
